// !$*UTF8*$!
{
	archiveVersion = 1;
	classes = {
	};
	objectVersion = 46;
	objects = {

/* Begin PBXBuildFile section */
		D6D2D7171C4B847500B35B48 /* Cocoa.framework in Frameworks */ = {isa = PBXBuildFile; fileRef = D6D2D7161C4B847500B35B48 /* Cocoa.framework */; };
		D6D2D71D1C4B861E00B35B48 /* main.m in Sources */ = {isa = PBXBuildFile; fileRef = D6D2D71C1C4B861E00B35B48 /* main.m */; };
/* End PBXBuildFile section */

/* Begin PBXFileReference section */
		D6D2D7071C4B823300B35B48 /* HammerspoonService.service */ = {isa = PBXFileReference; explicitFileType = wrapper.cfbundle; includeInIndex = 0; path = HammerspoonService.service; sourceTree = BUILT_PRODUCTS_DIR; };
		D6D2D70A1C4B823300B35B48 /* Info.plist */ = {isa = PBXFileReference; lastKnownFileType = text.plist.xml; path = Info.plist; sourceTree = "<group>"; };
		D6D2D7161C4B847500B35B48 /* Cocoa.framework */ = {isa = PBXFileReference; lastKnownFileType = wrapper.framework; name = Cocoa.framework; path = System/Library/Frameworks/Cocoa.framework; sourceTree = SDKROOT; };
		D6D2D71C1C4B861E00B35B48 /* main.m */ = {isa = PBXFileReference; fileEncoding = 4; lastKnownFileType = sourcecode.c.objc; path = main.m; sourceTree = "<group>"; };
/* End PBXFileReference section */

/* Begin PBXFrameworksBuildPhase section */
		D6D2D7041C4B823300B35B48 /* Frameworks */ = {
			isa = PBXFrameworksBuildPhase;
			buildActionMask = 2147483647;
			files = (
				D6D2D7171C4B847500B35B48 /* Cocoa.framework in Frameworks */,
			);
			runOnlyForDeploymentPostprocessing = 0;
		};
/* End PBXFrameworksBuildPhase section */

/* Begin PBXGroup section */
		D6D2D6FE1C4B823200B35B48 = {
			isa = PBXGroup;
			children = (
				D6D2D7161C4B847500B35B48 /* Cocoa.framework */,
				D6D2D7091C4B823300B35B48 /* HammerspoonService */,
				D6D2D7081C4B823300B35B48 /* Products */,
			);
			sourceTree = "<group>";
		};
		D6D2D7081C4B823300B35B48 /* Products */ = {
			isa = PBXGroup;
			children = (
				D6D2D7071C4B823300B35B48 /* HammerspoonService.service */,
			);
			name = Products;
			sourceTree = "<group>";
		};
		D6D2D7091C4B823300B35B48 /* HammerspoonService */ = {
			isa = PBXGroup;
			children = (
				D6D2D70A1C4B823300B35B48 /* Info.plist */,
				D6D2D71C1C4B861E00B35B48 /* main.m */,
			);
			path = HammerspoonService;
			sourceTree = "<group>";
		};
/* End PBXGroup section */

/* Begin PBXNativeTarget section */
		D6D2D7061C4B823300B35B48 /* HammerspoonService */ = {
			isa = PBXNativeTarget;
			buildConfigurationList = D6D2D70D1C4B823300B35B48 /* Build configuration list for PBXNativeTarget "HammerspoonService" */;
			buildPhases = (
				D6D2D7031C4B823300B35B48 /* Sources */,
				D6D2D7041C4B823300B35B48 /* Frameworks */,
				D6D2D7051C4B823300B35B48 /* Resources */,
			);
			buildRules = (
			);
			dependencies = (
			);
			name = HammerspoonService;
			productName = HammerspoonService;
			productReference = D6D2D7071C4B823300B35B48 /* HammerspoonService.service */;
			productType = "com.apple.product-type.bundle";
		};
/* End PBXNativeTarget section */

/* Begin PBXProject section */
		D6D2D6FF1C4B823300B35B48 /* Project object */ = {
			isa = PBXProject;
			attributes = {
				LastUpgradeCheck = 0720;
				ORGANIZATIONNAME = Hammerspoon;
				TargetAttributes = {
					D6D2D7061C4B823300B35B48 = {
						CreatedOnToolsVersion = 7.2;
					};
				};
			};
			buildConfigurationList = D6D2D7021C4B823300B35B48 /* Build configuration list for PBXProject "HammerspoonService" */;
			compatibilityVersion = "Xcode 3.2";
			developmentRegion = English;
			hasScannedForEncodings = 0;
			knownRegions = (
				en,
			);
			mainGroup = D6D2D6FE1C4B823200B35B48;
			productRefGroup = D6D2D7081C4B823300B35B48 /* Products */;
			projectDirPath = "";
			projectRoot = "";
			targets = (
				D6D2D7061C4B823300B35B48 /* HammerspoonService */,
			);
		};
/* End PBXProject section */

/* Begin PBXResourcesBuildPhase section */
		D6D2D7051C4B823300B35B48 /* Resources */ = {
			isa = PBXResourcesBuildPhase;
			buildActionMask = 2147483647;
			files = (
			);
			runOnlyForDeploymentPostprocessing = 0;
		};
/* End PBXResourcesBuildPhase section */

/* Begin PBXSourcesBuildPhase section */
		D6D2D7031C4B823300B35B48 /* Sources */ = {
			isa = PBXSourcesBuildPhase;
			buildActionMask = 2147483647;
			files = (
				D6D2D71D1C4B861E00B35B48 /* main.m in Sources */,
			);
			runOnlyForDeploymentPostprocessing = 0;
		};
/* End PBXSourcesBuildPhase section */

/* Begin XCBuildConfiguration section */
		D6D2D70B1C4B823300B35B48 /* Debug */ = {
			isa = XCBuildConfiguration;
			buildSettings = {
				ALWAYS_SEARCH_USER_PATHS = NO;
				CLANG_CXX_LANGUAGE_STANDARD = "gnu++0x";
				CLANG_CXX_LIBRARY = "libc++";
				CLANG_ENABLE_MODULES = YES;
				CLANG_ENABLE_OBJC_ARC = YES;
				CLANG_WARN_BOOL_CONVERSION = YES;
				CLANG_WARN_CONSTANT_CONVERSION = YES;
				CLANG_WARN_DIRECT_OBJC_ISA_USAGE = YES_ERROR;
				CLANG_WARN_EMPTY_BODY = YES;
				CLANG_WARN_ENUM_CONVERSION = YES;
				CLANG_WARN_INT_CONVERSION = YES;
				CLANG_WARN_OBJC_ROOT_CLASS = YES_ERROR;
				CLANG_WARN_UNREACHABLE_CODE = YES;
				CLANG_WARN__DUPLICATE_METHOD_MATCH = YES;
				CODE_SIGN_IDENTITY = "";
				COPY_PHASE_STRIP = NO;
				DEBUG_INFORMATION_FORMAT = dwarf;
				ENABLE_STRICT_OBJC_MSGSEND = YES;
				ENABLE_TESTABILITY = YES;
				GCC_C_LANGUAGE_STANDARD = gnu99;
				GCC_DYNAMIC_NO_PIC = NO;
				GCC_NO_COMMON_BLOCKS = YES;
				GCC_OPTIMIZATION_LEVEL = 0;
				GCC_PREPROCESSOR_DEFINITIONS = (
					"DEBUG=1",
					"$(inherited)",
				);
				GCC_WARN_64_TO_32_BIT_CONVERSION = YES;
				GCC_WARN_ABOUT_RETURN_TYPE = YES_ERROR;
				GCC_WARN_UNDECLARED_SELECTOR = YES;
				GCC_WARN_UNINITIALIZED_AUTOS = YES_AGGRESSIVE;
				GCC_WARN_UNUSED_FUNCTION = YES;
				GCC_WARN_UNUSED_VARIABLE = YES;
				MACOSX_DEPLOYMENT_TARGET = 10.11;
				MTL_ENABLE_DEBUG_INFO = YES;
				ONLY_ACTIVE_ARCH = YES;
				SDKROOT = macosx;
			};
			name = Debug;
		};
		D6D2D70C1C4B823300B35B48 /* Release */ = {
			isa = XCBuildConfiguration;
			buildSettings = {
				ALWAYS_SEARCH_USER_PATHS = NO;
				CLANG_CXX_LANGUAGE_STANDARD = "gnu++0x";
				CLANG_CXX_LIBRARY = "libc++";
				CLANG_ENABLE_MODULES = YES;
				CLANG_ENABLE_OBJC_ARC = YES;
				CLANG_WARN_BOOL_CONVERSION = YES;
				CLANG_WARN_CONSTANT_CONVERSION = YES;
				CLANG_WARN_DIRECT_OBJC_ISA_USAGE = YES_ERROR;
				CLANG_WARN_EMPTY_BODY = YES;
				CLANG_WARN_ENUM_CONVERSION = YES;
				CLANG_WARN_INT_CONVERSION = YES;
				CLANG_WARN_OBJC_ROOT_CLASS = YES_ERROR;
				CLANG_WARN_UNREACHABLE_CODE = YES;
				CLANG_WARN__DUPLICATE_METHOD_MATCH = YES;
				CODE_SIGN_IDENTITY = "";
				COPY_PHASE_STRIP = NO;
				DEBUG_INFORMATION_FORMAT = "dwarf-with-dsym";
				ENABLE_NS_ASSERTIONS = NO;
				ENABLE_STRICT_OBJC_MSGSEND = YES;
				GCC_C_LANGUAGE_STANDARD = gnu99;
				GCC_NO_COMMON_BLOCKS = YES;
				GCC_WARN_64_TO_32_BIT_CONVERSION = YES;
				GCC_WARN_ABOUT_RETURN_TYPE = YES_ERROR;
				GCC_WARN_UNDECLARED_SELECTOR = YES;
				GCC_WARN_UNINITIALIZED_AUTOS = YES_AGGRESSIVE;
				GCC_WARN_UNUSED_FUNCTION = YES;
				GCC_WARN_UNUSED_VARIABLE = YES;
				MACOSX_DEPLOYMENT_TARGET = 10.11;
				MTL_ENABLE_DEBUG_INFO = NO;
				SDKROOT = macosx;
			};
			name = Release;
		};
		D6D2D70E1C4B823300B35B48 /* Debug */ = {
			isa = XCBuildConfiguration;
			buildSettings = {
				COMBINE_HIDPI_IMAGES = YES;
				INFOPLIST_FILE = HammerspoonService/Info.plist;
				INSTALL_PATH = "$(LOCAL_LIBRARY_DIR)/Bundles";
				MACH_O_TYPE = mh_execute;
				PRODUCT_BUNDLE_IDENTIFIER = org.hammerspoon.HammerspoonService;
				PRODUCT_NAME = "$(TARGET_NAME)";
				SKIP_INSTALL = YES;
				WRAPPER_EXTENSION = service;
			};
			name = Debug;
		};
		D6D2D70F1C4B823300B35B48 /* Release */ = {
			isa = XCBuildConfiguration;
			buildSettings = {
				COMBINE_HIDPI_IMAGES = YES;
				INFOPLIST_FILE = HammerspoonService/Info.plist;
				INSTALL_PATH = "$(LOCAL_LIBRARY_DIR)/Bundles";
				MACH_O_TYPE = mh_execute;
				PRODUCT_BUNDLE_IDENTIFIER = org.hammerspoon.HammerspoonService;
				PRODUCT_NAME = "$(TARGET_NAME)";
				SKIP_INSTALL = YES;
				WRAPPER_EXTENSION = service;
			};
			name = Release;
		};
/* End XCBuildConfiguration section */

/* Begin XCConfigurationList section */
		D6D2D7021C4B823300B35B48 /* Build configuration list for PBXProject "HammerspoonService" */ = {
			isa = XCConfigurationList;
			buildConfigurations = (
				D6D2D70B1C4B823300B35B48 /* Debug */,
				D6D2D70C1C4B823300B35B48 /* Release */,
			);
			defaultConfigurationIsVisible = 0;
			defaultConfigurationName = Release;
		};
		D6D2D70D1C4B823300B35B48 /* Build configuration list for PBXNativeTarget "HammerspoonService" */ = {
			isa = XCConfigurationList;
			buildConfigurations = (
				D6D2D70E1C4B823300B35B48 /* Debug */,
				D6D2D70F1C4B823300B35B48 /* Release */,
			);
			defaultConfigurationIsVisible = 0;
			defaultConfigurationName = Release;
		};
/* End XCConfigurationList section */
	};
	rootObject = D6D2D6FF1C4B823300B35B48 /* Project object */;
}
